
Microsoft Visual Studio Solution File, Format Version 12.00
# Visual Studio Version 17
VisualStudioVersion = 17.6.33723.286
MinimumVisualStudioVersion = 10.0.40219.1
Project("{FAE04EC0-301F-11D3-BF4B-00C04F79EFBC}") = "ConsoleApp1", "ConsoleApp1.csproj", "{6E62A9BD-A174-4FA2-9561-875D96B9BB06}"
EndProject
Global
	GlobalSection(SolutionConfigurationPlatforms) = preSolution
		Debug|Any CPU = Debug|Any CPU
		Release|Any CPU = Release|Any CPU
	EndGlobalSection
	GlobalSection(ProjectConfigurationPlatforms) = postSolution
		{6E62A9BD-A174-4FA2-9561-875D96B9BB06}.Debug|Any CPU.ActiveCfg = Debug|Any CPU
		{6E62A9BD-A174-4FA2-9561-875D96B9BB06}.Debug|Any CPU.Build.0 = Debug|Any CPU
		{6E62A9BD-A174-4FA2-9561-875D96B9BB06}.Release|Any CPU.ActiveCfg = Release|Any CPU
		{6E62A9BD-A174-4FA2-9561-875D96B9BB06}.Release|Any CPU.Build.0 = Release|Any CPU
	EndGlobalSection
	GlobalSection(SolutionProperties) = preSolution
		HideSolutionNode = FALSE
	EndGlobalSection
	GlobalSection(ExtensibilityGlobals) = postSolution
		SolutionGuid = {5A310AAD-E36D-4F69-95F9-B236F0FC4520}
	EndGlobalSection
EndGlobal
